
Microsoft Visual Studio Solution File, Format Version 12.00
# Visual Studio Version 17
VisualStudioVersion = 17.8.34316.72
MinimumVisualStudioVersion = 10.0.40219.1
Project("{2150E333-8FDC-42A3-9474-1A3956D46DE8}") = "src", "src", "{D18A4EF0-F5E2-4156-B80F-2E43B75B9033}"
EndProject
Project("{2150E333-8FDC-42A3-9474-1A3956D46DE8}") = "Services", "Services", "{133A3EA8-CB95-4BAE-B6E4-987173E48734}"
EndProject
Project("{2150E333-8FDC-42A3-9474-1A3956D46DE8}") = "Common", "Common", "{BBB731AE-6C3E-467E-9AC8-11F619C7FD6D}"
EndProject
Project("{2150E333-8FDC-42A3-9474-1A3956D46DE8}") = "Orders", "Orders", "{A46F6752-CC64-4212-9B8B-D393019624D8}"
EndProject
Project("{2150E333-8FDC-42A3-9474-1A3956D46DE8}") = "Products", "Products", "{8FCD1913-110F-4AC7-A6D4-E4CCCC7BEC30}"
EndProject
Project("{2150E333-8FDC-42A3-9474-1A3956D46DE8}") = "Sourcing", "Sourcing", "{13AF84C9-CBF2-4DED-AA0E-31D3A5D3DEFC}"
EndProject
Project("{2150E333-8FDC-42A3-9474-1A3956D46DE8}") = "ApiGateway", "ApiGateway", "{DBBDA568-F530-4AB7-B97F-5FE5AAE74CB6}"
EndProject
Project("{2150E333-8FDC-42A3-9474-1A3956D46DE8}") = "WebApp", "WebApp", "{33FD3442-0EA3-4A5A-84AD-D00769E45E61}"
EndProject
Project("{FAE04EC0-301F-11D3-BF4B-00C04F79EFBC}") = "ESourcing.Products", "src\Services\Products\ESourcing.Products\ESourcing.Products.csproj", "{558DE18A-0471-41FB-B465-27BD9EE0ACF1}"
EndProject
Project("{E53339B2-1760-4266-BCC7-CA923CBCF16C}") = "docker-compose", "docker-compose.dcproj", "{D65FAE8E-2AD4-4CAF-BEAE-2BFFF676B7A1}"
EndProject
Global
	GlobalSection(SolutionConfigurationPlatforms) = preSolution
		Debug|Any CPU = Debug|Any CPU
		Release|Any CPU = Release|Any CPU
	EndGlobalSection
	GlobalSection(ProjectConfigurationPlatforms) = postSolution
		{558DE18A-0471-41FB-B465-27BD9EE0ACF1}.Debug|Any CPU.ActiveCfg = Debug|Any CPU
		{558DE18A-0471-41FB-B465-27BD9EE0ACF1}.Debug|Any CPU.Build.0 = Debug|Any CPU
		{558DE18A-0471-41FB-B465-27BD9EE0ACF1}.Release|Any CPU.ActiveCfg = Release|Any CPU
		{558DE18A-0471-41FB-B465-27BD9EE0ACF1}.Release|Any CPU.Build.0 = Release|Any CPU
		{D65FAE8E-2AD4-4CAF-BEAE-2BFFF676B7A1}.Debug|Any CPU.ActiveCfg = Debug|Any CPU
		{D65FAE8E-2AD4-4CAF-BEAE-2BFFF676B7A1}.Debug|Any CPU.Build.0 = Debug|Any CPU
		{D65FAE8E-2AD4-4CAF-BEAE-2BFFF676B7A1}.Release|Any CPU.ActiveCfg = Release|Any CPU
		{D65FAE8E-2AD4-4CAF-BEAE-2BFFF676B7A1}.Release|Any CPU.Build.0 = Release|Any CPU
	EndGlobalSection
	GlobalSection(SolutionProperties) = preSolution
		HideSolutionNode = FALSE
	EndGlobalSection
	GlobalSection(NestedProjects) = preSolution
		{133A3EA8-CB95-4BAE-B6E4-987173E48734} = {D18A4EF0-F5E2-4156-B80F-2E43B75B9033}
		{BBB731AE-6C3E-467E-9AC8-11F619C7FD6D} = {133A3EA8-CB95-4BAE-B6E4-987173E48734}
		{A46F6752-CC64-4212-9B8B-D393019624D8} = {133A3EA8-CB95-4BAE-B6E4-987173E48734}
		{8FCD1913-110F-4AC7-A6D4-E4CCCC7BEC30} = {133A3EA8-CB95-4BAE-B6E4-987173E48734}
		{13AF84C9-CBF2-4DED-AA0E-31D3A5D3DEFC} = {133A3EA8-CB95-4BAE-B6E4-987173E48734}
		{DBBDA568-F530-4AB7-B97F-5FE5AAE74CB6} = {D18A4EF0-F5E2-4156-B80F-2E43B75B9033}
		{33FD3442-0EA3-4A5A-84AD-D00769E45E61} = {D18A4EF0-F5E2-4156-B80F-2E43B75B9033}
		{558DE18A-0471-41FB-B465-27BD9EE0ACF1} = {8FCD1913-110F-4AC7-A6D4-E4CCCC7BEC30}
	EndGlobalSection
	GlobalSection(ExtensibilityGlobals) = postSolution
		SolutionGuid = {2C1BDA94-9A5B-40D1-AAB3-9DFA7B7A870F}
	EndGlobalSection
EndGlobal
